PODS:
  - FeedMedia (4.0.10-dev):
    - FeedMedia/UI (= 4.0.10-dev)
  - FeedMedia/UI (4.0.10-dev):
    - MarqueeLabel (~> 3.0.3)
  - FSQCollectionViewAlignedLayout (1.1.1)
  - MarqueeLabel (3.0.5):
    - MarqueeLabel/ObjC (= 3.0.5)
  - MarqueeLabel/ObjC (3.0.5)
  - OAStackView (1.0.1)
  - SDWebImage (3.8.2):
    - SDWebImage/Core (= 3.8.2)
  - SDWebImage/Core (3.8.2)

DEPENDENCIES:
  - FeedMedia (from `https://github.com/feedfm/iOS-SDK.git`, branch `4.0.10-dev`)
  - FSQCollectionViewAlignedLayout
  - OAStackView
  - SDWebImage (~> 3.8)

EXTERNAL SOURCES:
  FeedMedia:
    :branch: 4.0.10-dev
    :git: https://github.com/feedfm/iOS-SDK.git

CHECKOUT OPTIONS:
  FeedMedia:
    :commit: f20dd6fac043b25f2760a9629cedaeba14fe79a7
    :git: https://github.com/feedfm/iOS-SDK.git

SPEC CHECKSUMS:
  FeedMedia: 2dece31a39d79152bdfb341d1a6b8b4f30108a70
  FSQCollectionViewAlignedLayout: 122006b230bf5635ae159f1ad1eaa9b5ef11391e
  MarqueeLabel: 8a25b2cf02cf52165022f01369e63536c58fcc00
  OAStackView: 95e7cb79cbea25c2342f496a44bdbe8bd4c8d510
  SDWebImage: 098e97e6176540799c27e804c96653ee0833d13c

PODFILE CHECKSUM: e8f28a77884a2ac62fda70aa70ed422db307bc30

COCOAPODS: 1.2.0
