PODS:
  - FeedMedia (4.0.8):
    - FeedMedia/UI (= 4.0.8)
  - FeedMedia/UI (4.0.8):
    - MarqueeLabel (~> 3.0.3)
  - MarqueeLabel (3.0.5):
    - MarqueeLabel/ObjC (= 3.0.5)
  - MarqueeLabel/ObjC (3.0.5)
  - OAStackView (1.0.1)
  - SDWebImage (3.8.2):
    - SDWebImage/Core (= 3.8.2)
  - SDWebImage/Core (3.8.2)

DEPENDENCIES:
  - FeedMedia (~> 4.0.8)
  - OAStackView
  - SDWebImage (~> 3.8)

SPEC CHECKSUMS:
  FeedMedia: c2b85efb3cb477ef184df71255b807838c998391
  MarqueeLabel: 8a25b2cf02cf52165022f01369e63536c58fcc00
  OAStackView: 95e7cb79cbea25c2342f496a44bdbe8bd4c8d510
  SDWebImage: 098e97e6176540799c27e804c96653ee0833d13c

PODFILE CHECKSUM: fce2f73b80c283b6a822328b315022b9517e49d2

COCOAPODS: 1.2.0
