{
  "object": {
    "pins": [
      {
        "package": "FeedMedia",
        "repositoryURL": "https://github.com/feedfm/iOS-SDK",
        "state": {
          "branch": null,
          "revision": "717a6b5dd81bc131fa18cdfe6fc2529001fa5aaa",
          "version": "5.1.6"
        }
      },
      {
        "package": "SDWebImage",
        "repositoryURL": "https://github.com/SDWebImage/SDWebImage",
        "state": {
          "branch": null,
          "revision": "d1c75d839709b3f91c82ecf7d3c7665272090456",
          "version": "5.11.0"
        }
      }
    ]
  },
  "version": 1
}
