{
  "pins" : [
    {
      "identity" : "ios-sdk",
      "kind" : "remoteSourceControl",
      "location" : "https://github.com/feedfm/iOS-SDK",
      "state" : {
        "revision" : "2284336e46da51ed9105576b98f6d6cdc21d1d9b",
        "version" : "5.5.4"
      }
    },
    {
      "identity" : "sdwebimage",
      "kind" : "remoteSourceControl",
      "location" : "https://github.com/SDWebImage/SDWebImage",
      "state" : {
        "revision" : "73b9397cfbd902f606572964055464903b1d84c6",
        "version" : "5.19.0"
      }
    }
  ],
  "version" : 2
}
